{
  "version": 4,
  "terraform_version": "1.2.5",
  "serial": 11,
  "lineage": "a7744bf0-6c9a-4ec0-ce67-50f6d86176d3",
  "outputs": {
    "Destination-S3-bucket": {
      "value": "15-july-copy-example-dst-bucket",
      "type": "string"
    },
    "Source-S3-bucket": {
      "value": "15-july-copy-example-src-bucket",
      "type": "string"
    }
  },
  "resources": [
    {
      "mode": "data",
      "type": "archive_file",
      "name": "my_lambda_function",
      "provider": "provider[\"registry.terraform.io/hashicorp/archive\"]",
      "instances": [
        {
          "schema_version": 0,
          "attributes": {
            "excludes": null,
            "id": "e666fd8b5e126a9150929d7f475acf3a318e6629",
            "output_base64sha256": "Toki/eUycju8eK5wEoZO7RPs8GyRL6FEwP5ktmjihio=",
            "output_file_mode": null,
            "output_md5": "e52a8aafd3fe46c69c1be66c066b330f",
            "output_path": "./lambda.zip",
            "output_sha": "e666fd8b5e126a9150929d7f475acf3a318e6629",
            "output_size": 629,
            "source": [],
            "source_content": null,
            "source_content_filename": null,
            "source_dir": "./lambda_handler/",
            "source_file": null,
            "type": "zip"
          },
          "sensitive_attributes": []
        }
      ]
    },
    {
      "mode": "managed",
      "type": "aws_iam_policy",
      "name": "lambda_policy",
      "provider": "provider[\"registry.terraform.io/hashicorp/aws\"]",
      "instances": [
        {
          "schema_version": 0,
          "attributes": {
            "arn": "arn:aws:iam::519119315653:policy/15-july-copy-example_lambda_policy",
            "description": "15-july-copy-example_lambda_policy",
            "id": "arn:aws:iam::519119315653:policy/15-july-copy-example_lambda_policy",
            "name": "15-july-copy-example_lambda_policy",
            "name_prefix": null,
            "path": "/",
            "policy": "{\"Statement\":[{\"Action\":[\"s3:ListBucket\",\"s3:GetObject\",\"s3:CopyObject\",\"s3:HeadObject\"],\"Effect\":\"Allow\",\"Resource\":[\"arn:aws:s3:::15-july-copy-example-src-bucket\",\"arn:aws:s3:::15-july-copy-example-src-bucket/*\"]},{\"Action\":[\"s3:ListBucket\",\"s3:PutObject\",\"s3:PutObjectAcl\",\"s3:CopyObject\",\"s3:HeadObject\"],\"Effect\":\"Allow\",\"Resource\":[\"arn:aws:s3:::15-july-copy-example-dst-bucket\",\"arn:aws:s3:::15-july-copy-example-dst-bucket/*\"]},{\"Action\":[\"logs:CreateLogGroup\",\"logs:CreateLogStream\",\"logs:PutLogEvents\"],\"Effect\":\"Allow\",\"Resource\":\"*\"}],\"Version\":\"2012-10-17\"}",
            "policy_id": "ANPAXRXPMELC4OC6AQFY2",
            "tags": {},
            "tags_all": {}
          },
          "sensitive_attributes": [],
          "private": "bnVsbA=="
        }
      ]
    },
    {
      "mode": "managed",
      "type": "aws_iam_role",
      "name": "s3_copy_function",
      "provider": "provider[\"registry.terraform.io/hashicorp/aws\"]",
      "instances": [
        {
          "schema_version": 0,
          "attributes": {
            "arn": "arn:aws:iam::519119315653:role/app_15-july-copy-example_lambda",
            "assume_role_policy": "{\"Version\":\"2012-10-17\",\"Statement\":[{\"Effect\":\"Allow\",\"Principal\":{\"Service\":\"lambda.amazonaws.com\"},\"Action\":\"sts:AssumeRole\"}]}",
            "create_date": "2022-07-15T05:39:16Z",
            "description": "",
            "force_detach_policies": false,
            "id": "app_15-july-copy-example_lambda",
            "inline_policy": [
              {
                "name": "",
                "policy": ""
              }
            ],
            "managed_policy_arns": [
              "arn:aws:iam::519119315653:policy/15-july-copy-example_lambda_policy"
            ],
            "max_session_duration": 3600,
            "name": "app_15-july-copy-example_lambda",
            "name_prefix": "",
            "path": "/",
            "permissions_boundary": null,
            "tags": {},
            "tags_all": {},
            "unique_id": "AROAXRXPMELCTL2WORYXE"
          },
          "sensitive_attributes": [],
          "private": "bnVsbA=="
        }
      ]
    },
    {
      "mode": "managed",
      "type": "aws_iam_role_policy_attachment",
      "name": "terraform_lambda_iam_policy_basic_execution",
      "provider": "provider[\"registry.terraform.io/hashicorp/aws\"]",
      "instances": [
        {
          "schema_version": 0,
          "attributes": {
            "id": "app_15-july-copy-example_lambda-20220715053917436300000001",
            "policy_arn": "arn:aws:iam::519119315653:policy/15-july-copy-example_lambda_policy",
            "role": "app_15-july-copy-example_lambda"
          },
          "sensitive_attributes": [],
          "private": "bnVsbA==",
          "dependencies": [
            "aws_iam_policy.lambda_policy",
            "aws_iam_role.s3_copy_function"
          ]
        }
      ]
    },
    {
      "mode": "managed",
      "type": "aws_lambda_function",
      "name": "s3_copy_function",
      "provider": "provider[\"registry.terraform.io/hashicorp/aws\"]",
      "instances": [
        {
          "schema_version": 0,
          "attributes": {
            "architectures": [
              "x86_64"
            ],
            "arn": "arn:aws:lambda:us-east-1:519119315653:function:15-july-copy-example_s3_copy_lambda",
            "code_signing_config_arn": "",
            "dead_letter_config": [],
            "description": "",
            "environment": [
              {
                "variables": {
                  "DST_BUCKET": "15-july-copy-example-dst-bucket",
                  "REGION": "us-east-1"
                }
              }
            ],
            "ephemeral_storage": [
              {
                "size": 512
              }
            ],
            "file_system_config": [],
            "filename": "lambda.zip",
            "function_name": "15-july-copy-example_s3_copy_lambda",
            "handler": "index.handler",
            "id": "15-july-copy-example_s3_copy_lambda",
            "image_config": [],
            "image_uri": "",
            "invoke_arn": "arn:aws:apigateway:us-east-1:lambda:path/2015-03-31/functions/arn:aws:lambda:us-east-1:519119315653:function:15-july-copy-example_s3_copy_lambda/invocations",
            "kms_key_arn": "",
            "last_modified": "2022-07-15T06:29:20.000+0000",
            "layers": [],
            "memory_size": 128,
            "package_type": "Zip",
            "publish": false,
            "qualified_arn": "arn:aws:lambda:us-east-1:519119315653:function:15-july-copy-example_s3_copy_lambda:$LATEST",
            "reserved_concurrent_executions": -1,
            "role": "arn:aws:iam::519119315653:role/app_15-july-copy-example_lambda",
            "runtime": "python3.6",
            "s3_bucket": null,
            "s3_key": null,
            "s3_object_version": null,
            "signing_job_arn": "",
            "signing_profile_version_arn": "",
            "source_code_hash": "Toki/eUycju8eK5wEoZO7RPs8GyRL6FEwP5ktmjihio=",
            "source_code_size": 629,
            "tags": {},
            "tags_all": {},
            "timeout": 3,
            "timeouts": null,
            "tracing_config": [
              {
                "mode": "PassThrough"
              }
            ],
            "version": "$LATEST",
            "vpc_config": []
          },
          "sensitive_attributes": [],
          "private": "eyJlMmJmYjczMC1lY2FhLTExZTYtOGY4OC0zNDM2M2JjN2M0YzAiOnsiY3JlYXRlIjo2MDAwMDAwMDAwMDB9fQ==",
          "dependencies": [
            "aws_iam_role.s3_copy_function",
            "data.archive_file.my_lambda_function"
          ]
        }
      ]
    },
    {
      "mode": "managed",
      "type": "aws_lambda_permission",
      "name": "allow_terraform_bucket",
      "provider": "provider[\"registry.terraform.io/hashicorp/aws\"]",
      "instances": [
        {
          "schema_version": 0,
          "attributes": {
            "action": "lambda:InvokeFunction",
            "event_source_token": null,
            "function_name": "arn:aws:lambda:us-east-1:519119315653:function:15-july-copy-example_s3_copy_lambda",
            "function_url_auth_type": null,
            "id": "AllowExecutionFromS3Bucket",
            "principal": "s3.amazonaws.com",
            "principal_org_id": null,
            "qualifier": "",
            "source_account": null,
            "source_arn": "arn:aws:s3:::15-july-copy-example-src-bucket",
            "statement_id": "AllowExecutionFromS3Bucket",
            "statement_id_prefix": ""
          },
          "sensitive_attributes": [],
          "private": "bnVsbA==",
          "dependencies": [
            "aws_iam_role.s3_copy_function",
            "aws_lambda_function.s3_copy_function",
            "aws_s3_bucket.source_bucket",
            "data.archive_file.my_lambda_function"
          ]
        }
      ]
    },
    {
      "mode": "managed",
      "type": "aws_s3_bucket",
      "name": "destination_bucket",
      "provider": "provider[\"registry.terraform.io/hashicorp/aws\"]",
      "instances": [
        {
          "schema_version": 0,
          "attributes": {
            "acceleration_status": "",
            "acl": null,
            "arn": "arn:aws:s3:::15-july-copy-example-dst-bucket",
            "bucket": "15-july-copy-example-dst-bucket",
            "bucket_domain_name": "15-july-copy-example-dst-bucket.s3.amazonaws.com",
            "bucket_prefix": null,
            "bucket_regional_domain_name": "15-july-copy-example-dst-bucket.s3.amazonaws.com",
            "cors_rule": [],
            "force_destroy": true,
            "grant": [
              {
                "id": "744dafba934e58becc978db684cde39db82ec6a249e27c638e0a1d32994d338d",
                "permissions": [
                  "FULL_CONTROL"
                ],
                "type": "CanonicalUser",
                "uri": ""
              }
            ],
            "hosted_zone_id": "Z3AQBSTGFYJSTF",
            "id": "15-july-copy-example-dst-bucket",
            "lifecycle_rule": [],
            "logging": [],
            "object_lock_configuration": [],
            "object_lock_enabled": false,
            "policy": "",
            "region": "us-east-1",
            "replication_configuration": [],
            "request_payer": "BucketOwner",
            "server_side_encryption_configuration": [],
            "tags": {},
            "tags_all": {},
            "versioning": [
              {
                "enabled": false,
                "mfa_delete": false
              }
            ],
            "website": [],
            "website_domain": null,
            "website_endpoint": null
          },
          "sensitive_attributes": [],
          "private": "bnVsbA=="
        }
      ]
    },
    {
      "mode": "managed",
      "type": "aws_s3_bucket",
      "name": "source_bucket",
      "provider": "provider[\"registry.terraform.io/hashicorp/aws\"]",
      "instances": [
        {
          "schema_version": 0,
          "attributes": {
            "acceleration_status": "",
            "acl": null,
            "arn": "arn:aws:s3:::15-july-copy-example-src-bucket",
            "bucket": "15-july-copy-example-src-bucket",
            "bucket_domain_name": "15-july-copy-example-src-bucket.s3.amazonaws.com",
            "bucket_prefix": null,
            "bucket_regional_domain_name": "15-july-copy-example-src-bucket.s3.amazonaws.com",
            "cors_rule": [],
            "force_destroy": true,
            "grant": [
              {
                "id": "744dafba934e58becc978db684cde39db82ec6a249e27c638e0a1d32994d338d",
                "permissions": [
                  "FULL_CONTROL"
                ],
                "type": "CanonicalUser",
                "uri": ""
              }
            ],
            "hosted_zone_id": "Z3AQBSTGFYJSTF",
            "id": "15-july-copy-example-src-bucket",
            "lifecycle_rule": [],
            "logging": [],
            "object_lock_configuration": [],
            "object_lock_enabled": false,
            "policy": "",
            "region": "us-east-1",
            "replication_configuration": [],
            "request_payer": "BucketOwner",
            "server_side_encryption_configuration": [],
            "tags": {},
            "tags_all": {},
            "versioning": [
              {
                "enabled": false,
                "mfa_delete": false
              }
            ],
            "website": [],
            "website_domain": null,
            "website_endpoint": null
          },
          "sensitive_attributes": [],
          "private": "bnVsbA=="
        }
      ]
    },
    {
      "mode": "managed",
      "type": "aws_s3_bucket_notification",
      "name": "bucket_terraform_notification",
      "provider": "provider[\"registry.terraform.io/hashicorp/aws\"]",
      "instances": [
        {
          "schema_version": 0,
          "attributes": {
            "bucket": "15-july-copy-example-src-bucket",
            "eventbridge": false,
            "id": "15-july-copy-example-src-bucket",
            "lambda_function": [
              {
                "events": [
                  "s3:ObjectCreated:*"
                ],
                "filter_prefix": "",
                "filter_suffix": "",
                "id": "tf-s3-lambda-20220715053931920100000002",
                "lambda_function_arn": "arn:aws:lambda:us-east-1:519119315653:function:15-july-copy-example_s3_copy_lambda"
              }
            ],
            "queue": [],
            "topic": []
          },
          "sensitive_attributes": [],
          "private": "bnVsbA==",
          "dependencies": [
            "aws_iam_role.s3_copy_function",
            "aws_lambda_function.s3_copy_function",
            "aws_lambda_permission.allow_terraform_bucket",
            "aws_s3_bucket.source_bucket",
            "data.archive_file.my_lambda_function"
          ]
        }
      ]
    }
  ]
}
